
Microsoft Visual Studio Solution File, Format Version 12.00
# Visual Studio 15
VisualStudioVersion = 15.0.26124.0
MinimumVisualStudioVersion = 15.0.26124.0
Project("{FAE04EC0-301F-11D3-BF4B-00C04F79EFBC}") = "API", "API\API.csproj", "{64712287-4826-4F05-B256-2C5FA52EF4A8}"
EndProject
Project("{FAE04EC0-301F-11D3-BF4B-00C04F79EFBC}") = "Test", "Test\Test.csproj", "{9C976E8F-FEB9-4FAA-8FCA-884199616EB3}"
EndProject
Project("{FAE04EC0-301F-11D3-BF4B-00C04F79EFBC}") = "Core", "Core\Core.csproj", "{BCD524C4-F889-48DB-B8E6-71BB587C8948}"
EndProject
Project("{FAE04EC0-301F-11D3-BF4B-00C04F79EFBC}") = "Infrastructure", "Infrastructure\Infrastructure.csproj", "{0D79EBE4-DC20-4F01-BABD-3D24F777D453}"
EndProject
Global
	GlobalSection(SolutionConfigurationPlatforms) = preSolution
		Debug|Any CPU = Debug|Any CPU
		Debug|x64 = Debug|x64
		Debug|x86 = Debug|x86
		Release|Any CPU = Release|Any CPU
		Release|x64 = Release|x64
		Release|x86 = Release|x86
	EndGlobalSection
	GlobalSection(SolutionProperties) = preSolution
		HideSolutionNode = FALSE
	EndGlobalSection
	GlobalSection(ProjectConfigurationPlatforms) = postSolution
		{64712287-4826-4F05-B256-2C5FA52EF4A8}.Debug|Any CPU.ActiveCfg = Debug|Any CPU
		{64712287-4826-4F05-B256-2C5FA52EF4A8}.Debug|Any CPU.Build.0 = Debug|Any CPU
		{64712287-4826-4F05-B256-2C5FA52EF4A8}.Debug|x64.ActiveCfg = Debug|Any CPU
		{64712287-4826-4F05-B256-2C5FA52EF4A8}.Debug|x64.Build.0 = Debug|Any CPU
		{64712287-4826-4F05-B256-2C5FA52EF4A8}.Debug|x86.ActiveCfg = Debug|Any CPU
		{64712287-4826-4F05-B256-2C5FA52EF4A8}.Debug|x86.Build.0 = Debug|Any CPU
		{64712287-4826-4F05-B256-2C5FA52EF4A8}.Release|Any CPU.ActiveCfg = Release|Any CPU
		{64712287-4826-4F05-B256-2C5FA52EF4A8}.Release|Any CPU.Build.0 = Release|Any CPU
		{64712287-4826-4F05-B256-2C5FA52EF4A8}.Release|x64.ActiveCfg = Release|Any CPU
		{64712287-4826-4F05-B256-2C5FA52EF4A8}.Release|x64.Build.0 = Release|Any CPU
		{64712287-4826-4F05-B256-2C5FA52EF4A8}.Release|x86.ActiveCfg = Release|Any CPU
		{64712287-4826-4F05-B256-2C5FA52EF4A8}.Release|x86.Build.0 = Release|Any CPU
		{BBB07C5C-D45B-4D48-A6DD-663651BD50E6}.Debug|Any CPU.ActiveCfg = Debug|Any CPU
		{BBB07C5C-D45B-4D48-A6DD-663651BD50E6}.Debug|Any CPU.Build.0 = Debug|Any CPU
		{BBB07C5C-D45B-4D48-A6DD-663651BD50E6}.Debug|x64.ActiveCfg = Debug|Any CPU
		{BBB07C5C-D45B-4D48-A6DD-663651BD50E6}.Debug|x64.Build.0 = Debug|Any CPU
		{BBB07C5C-D45B-4D48-A6DD-663651BD50E6}.Debug|x86.ActiveCfg = Debug|Any CPU
		{BBB07C5C-D45B-4D48-A6DD-663651BD50E6}.Debug|x86.Build.0 = Debug|Any CPU
		{BBB07C5C-D45B-4D48-A6DD-663651BD50E6}.Release|Any CPU.ActiveCfg = Release|Any CPU
		{BBB07C5C-D45B-4D48-A6DD-663651BD50E6}.Release|Any CPU.Build.0 = Release|Any CPU
		{BBB07C5C-D45B-4D48-A6DD-663651BD50E6}.Release|x64.ActiveCfg = Release|Any CPU
		{BBB07C5C-D45B-4D48-A6DD-663651BD50E6}.Release|x64.Build.0 = Release|Any CPU
		{BBB07C5C-D45B-4D48-A6DD-663651BD50E6}.Release|x86.ActiveCfg = Release|Any CPU
		{BBB07C5C-D45B-4D48-A6DD-663651BD50E6}.Release|x86.Build.0 = Release|Any CPU
		{9C976E8F-FEB9-4FAA-8FCA-884199616EB3}.Debug|Any CPU.ActiveCfg = Debug|Any CPU
		{9C976E8F-FEB9-4FAA-8FCA-884199616EB3}.Debug|Any CPU.Build.0 = Debug|Any CPU
		{9C976E8F-FEB9-4FAA-8FCA-884199616EB3}.Debug|x64.ActiveCfg = Debug|Any CPU
		{9C976E8F-FEB9-4FAA-8FCA-884199616EB3}.Debug|x64.Build.0 = Debug|Any CPU
		{9C976E8F-FEB9-4FAA-8FCA-884199616EB3}.Debug|x86.ActiveCfg = Debug|Any CPU
		{9C976E8F-FEB9-4FAA-8FCA-884199616EB3}.Debug|x86.Build.0 = Debug|Any CPU
		{9C976E8F-FEB9-4FAA-8FCA-884199616EB3}.Release|Any CPU.ActiveCfg = Release|Any CPU
		{9C976E8F-FEB9-4FAA-8FCA-884199616EB3}.Release|Any CPU.Build.0 = Release|Any CPU
		{9C976E8F-FEB9-4FAA-8FCA-884199616EB3}.Release|x64.ActiveCfg = Release|Any CPU
		{9C976E8F-FEB9-4FAA-8FCA-884199616EB3}.Release|x64.Build.0 = Release|Any CPU
		{9C976E8F-FEB9-4FAA-8FCA-884199616EB3}.Release|x86.ActiveCfg = Release|Any CPU
		{9C976E8F-FEB9-4FAA-8FCA-884199616EB3}.Release|x86.Build.0 = Release|Any CPU
		{BCD524C4-F889-48DB-B8E6-71BB587C8948}.Debug|Any CPU.ActiveCfg = Debug|Any CPU
		{BCD524C4-F889-48DB-B8E6-71BB587C8948}.Debug|Any CPU.Build.0 = Debug|Any CPU
		{BCD524C4-F889-48DB-B8E6-71BB587C8948}.Debug|x64.ActiveCfg = Debug|Any CPU
		{BCD524C4-F889-48DB-B8E6-71BB587C8948}.Debug|x64.Build.0 = Debug|Any CPU
		{BCD524C4-F889-48DB-B8E6-71BB587C8948}.Debug|x86.ActiveCfg = Debug|Any CPU
		{BCD524C4-F889-48DB-B8E6-71BB587C8948}.Debug|x86.Build.0 = Debug|Any CPU
		{BCD524C4-F889-48DB-B8E6-71BB587C8948}.Release|Any CPU.ActiveCfg = Release|Any CPU
		{BCD524C4-F889-48DB-B8E6-71BB587C8948}.Release|Any CPU.Build.0 = Release|Any CPU
		{BCD524C4-F889-48DB-B8E6-71BB587C8948}.Release|x64.ActiveCfg = Release|Any CPU
		{BCD524C4-F889-48DB-B8E6-71BB587C8948}.Release|x64.Build.0 = Release|Any CPU
		{BCD524C4-F889-48DB-B8E6-71BB587C8948}.Release|x86.ActiveCfg = Release|Any CPU
		{BCD524C4-F889-48DB-B8E6-71BB587C8948}.Release|x86.Build.0 = Release|Any CPU
		{0D79EBE4-DC20-4F01-BABD-3D24F777D453}.Debug|Any CPU.ActiveCfg = Debug|Any CPU
		{0D79EBE4-DC20-4F01-BABD-3D24F777D453}.Debug|Any CPU.Build.0 = Debug|Any CPU
		{0D79EBE4-DC20-4F01-BABD-3D24F777D453}.Debug|x64.ActiveCfg = Debug|Any CPU
		{0D79EBE4-DC20-4F01-BABD-3D24F777D453}.Debug|x64.Build.0 = Debug|Any CPU
		{0D79EBE4-DC20-4F01-BABD-3D24F777D453}.Debug|x86.ActiveCfg = Debug|Any CPU
		{0D79EBE4-DC20-4F01-BABD-3D24F777D453}.Debug|x86.Build.0 = Debug|Any CPU
		{0D79EBE4-DC20-4F01-BABD-3D24F777D453}.Release|Any CPU.ActiveCfg = Release|Any CPU
		{0D79EBE4-DC20-4F01-BABD-3D24F777D453}.Release|Any CPU.Build.0 = Release|Any CPU
		{0D79EBE4-DC20-4F01-BABD-3D24F777D453}.Release|x64.ActiveCfg = Release|Any CPU
		{0D79EBE4-DC20-4F01-BABD-3D24F777D453}.Release|x64.Build.0 = Release|Any CPU
		{0D79EBE4-DC20-4F01-BABD-3D24F777D453}.Release|x86.ActiveCfg = Release|Any CPU
		{0D79EBE4-DC20-4F01-BABD-3D24F777D453}.Release|x86.Build.0 = Release|Any CPU
	EndGlobalSection
EndGlobal
